{
  "name": "pagefind_ui",
  "version": "0.0.0",
  "lockfileVersion": 2,
  "requires": true,
  "packages": {
    "": {
      "name": "pagefind_ui",
      "version": "0.0.0",
      "license": "MIT",
      "dependencies": {
        "bcp-47": "^2.1.0"
      },
      "devDependencies": {
        "esbuild": "^0.15.10",
        "esbuild-plugin-import-glob": "^0.1.1",
        "esbuild-svelte": "^0.7.1",
        "svelte": "^3.51.0"
      }
    },
    "node_modules/@esbuild/android-arm": {
      "version": "0.15.10",
      "resolved": "https://registry.npmjs.org/@esbuild/android-arm/-/android-arm-0.15.10.tgz",
      "integrity": "sha512-FNONeQPy/ox+5NBkcSbYJxoXj9GWu8gVGJTVmUyoOCKQFDTrHVKgNSzChdNt0I8Aj/iKcsDf2r9BFwv+FSNUXg==",
      "cpu": [
        "arm"
      ],
      "dev": true,
      "optional": true,
      "os": [
        "android"
      ],
      "engines": {
        "node": ">=12"
      }
    },
    "node_modules/@esbuild/linux-loong64": {
      "version": "0.15.10",
      "resolved": "https://registry.npmjs.org/@esbuild/linux-loong64/-/linux-loong64-0.15.10.tgz",
      "integrity": "sha512-w0Ou3Z83LOYEkwaui2M8VwIp+nLi/NA60lBLMvaJ+vXVMcsARYdEzLNE7RSm4+lSg4zq4d7fAVuzk7PNQ5JFgg==",
      "cpu": [
        "loong64"
      ],
      "dev": true,
      "optional": true,
      "os": [
        "linux"
      ],
      "engines": {
        "node": ">=12"
      }
    },
    "node_modules/@nodelib/fs.scandir": {
      "version": "2.1.5",
      "resolved": "https://registry.npmjs.org/@nodelib/fs.scandir/-/fs.scandir-2.1.5.tgz",
      "integrity": "sha512-vq24Bq3ym5HEQm2NKCr3yXDwjc7vTsEThRDnkp2DK9p1uqLR+DHurm/NOTo0KG7HYHU7eppKZj3MyqYuMBf62g==",
      "dev": true,
      "dependencies": {
        "@nodelib/fs.stat": "2.0.5",
        "run-parallel": "^1.1.9"
      },
      "engines": {
        "node": ">= 8"
      }
    },
    "node_modules/@nodelib/fs.stat": {
      "version": "2.0.5",
      "resolved": "https://registry.npmjs.org/@nodelib/fs.stat/-/fs.stat-2.0.5.tgz",
      "integrity": "sha512-RkhPPp2zrqDAQA/2jNhnztcPAlv64XdhIp7a7454A5ovI7Bukxgt7MX7udwAu3zg1DcpPU0rz3VV1SeaqvY4+A==",
      "dev": true,
      "engines": {
        "node": ">= 8"
      }
    },
    "node_modules/@nodelib/fs.walk": {
      "version": "1.2.8",
      "resolved": "https://registry.npmjs.org/@nodelib/fs.walk/-/fs.walk-1.2.8.tgz",
      "integrity": "sha512-oGB+UxlgWcgQkgwo8GcEGwemoTFt3FIO9ababBmaGwXIoBKZ+GTy0pP185beGg7Llih/NSHSV2XAs1lnznocSg==",
      "dev": true,
      "dependencies": {
        "@nodelib/fs.scandir": "2.1.5",
        "fastq": "^1.6.0"
      },
      "engines": {
        "node": ">= 8"
      }
    },
    "node_modules/bcp-47": {
      "version": "2.1.0",
      "resolved": "https://registry.npmjs.org/bcp-47/-/bcp-47-2.1.0.tgz",
      "integrity": "sha512-9IIS3UPrvIa1Ej+lVDdDwO7zLehjqsaByECw0bu2RRGP73jALm6FYbzI5gWbgHLvNdkvfXB5YrSbocZdOS0c0w==",
      "dependencies": {
        "is-alphabetical": "^2.0.0",
        "is-alphanumerical": "^2.0.0",
        "is-decimal": "^2.0.0"
      },
      "funding": {
        "type": "github",
        "url": "https://github.com/sponsors/wooorm"
      }
    },
    "node_modules/braces": {
      "version": "3.0.2",
      "resolved": "https://registry.npmjs.org/braces/-/braces-3.0.2.tgz",
      "integrity": "sha512-b8um+L1RzM3WDSzvhm6gIz1yfTbBt6YTlcEKAvsmqCZZFw46z626lVj9j1yEPW33H5H+lBQpZMP1k8l+78Ha0A==",
      "dev": true,
      "dependencies": {
        "fill-range": "^7.0.1"
      },
      "engines": {
        "node": ">=8"
      }
    },
    "node_modules/esbuild": {
      "version": "0.15.10",
      "resolved": "https://registry.npmjs.org/esbuild/-/esbuild-0.15.10.tgz",
      "integrity": "sha512-N7wBhfJ/E5fzn/SpNgX+oW2RLRjwaL8Y0ezqNqhjD6w0H2p0rDuEz2FKZqpqLnO8DCaWumKe8dsC/ljvVSSxng==",
      "dev": true,
      "hasInstallScript": true,
      "bin": {
        "esbuild": "bin/esbuild"
      },
      "engines": {
        "node": ">=12"
      },
      "optionalDependencies": {
        "@esbuild/android-arm": "0.15.10",
        "@esbuild/linux-loong64": "0.15.10",
        "esbuild-android-64": "0.15.10",
        "esbuild-android-arm64": "0.15.10",
        "esbuild-darwin-64": "0.15.10",
        "esbuild-darwin-arm64": "0.15.10",
        "esbuild-freebsd-64": "0.15.10",
        "esbuild-freebsd-arm64": "0.15.10",
        "esbuild-linux-32": "0.15.10",
        "esbuild-linux-64": "0.15.10",
        "esbuild-linux-arm": "0.15.10",
        "esbuild-linux-arm64": "0.15.10",
        "esbuild-linux-mips64le": "0.15.10",
        "esbuild-linux-ppc64le": "0.15.10",
        "esbuild-linux-riscv64": "0.15.10",
        "esbuild-linux-s390x": "0.15.10",
        "esbuild-netbsd-64": "0.15.10",
        "esbuild-openbsd-64": "0.15.10",
        "esbuild-sunos-64": "0.15.10",
        "esbuild-windows-32": "0.15.10",
        "esbuild-windows-64": "0.15.10",
        "esbuild-windows-arm64": "0.15.10"
      }
    },
    "node_modules/esbuild-android-64": {
      "version": "0.15.10",
      "resolved": "https://registry.npmjs.org/esbuild-android-64/-/esbuild-android-64-0.15.10.tgz",
      "integrity": "sha512-UI7krF8OYO1N7JYTgLT9ML5j4+45ra3amLZKx7LO3lmLt1Ibn8t3aZbX5Pu4BjWiqDuJ3m/hsvhPhK/5Y/YpnA==",
      "cpu": [
        "x64"
      ],
      "dev": true,
      "optional": true,
      "os": [
        "android"
      ],
      "engines": {
        "node": ">=12"
      }
    },
    "node_modules/esbuild-android-arm64": {
      "version": "0.15.10",
      "resolved": "https://registry.npmjs.org/esbuild-android-arm64/-/esbuild-android-arm64-0.15.10.tgz",
      "integrity": "sha512-EOt55D6xBk5O05AK8brXUbZmoFj4chM8u3riGflLa6ziEoVvNjRdD7Cnp82NHQGfSHgYR06XsPI8/sMuA/cUwg==",
      "cpu": [
        "arm64"
      ],
      "dev": true,
      "optional": true,
      "os": [
        "android"
      ],
      "engines": {
        "node": ">=12"
      }
    },
    "node_modules/esbuild-darwin-64": {
      "version": "0.15.10",
      "resolved": "https://registry.npmjs.org/esbuild-darwin-64/-/esbuild-darwin-64-0.15.10.tgz",
      "integrity": "sha512-hbDJugTicqIm+WKZgp208d7FcXcaK8j2c0l+fqSJ3d2AzQAfjEYDRM3Z2oMeqSJ9uFxyj/muSACLdix7oTstRA==",
      "cpu": [
        "x64"
      ],
      "dev": true,
      "optional": true,
      "os": [
        "darwin"
      ],
      "engines": {
        "node": ">=12"
      }
    },
    "node_modules/esbuild-darwin-arm64": {
      "version": "0.15.10",
      "resolved": "https://registry.npmjs.org/esbuild-darwin-arm64/-/esbuild-darwin-arm64-0.15.10.tgz",
      "integrity": "sha512-M1t5+Kj4IgSbYmunf2BB6EKLkWUq+XlqaFRiGOk8bmBapu9bCDrxjf4kUnWn59Dka3I27EiuHBKd1rSO4osLFQ==",
      "cpu": [
        "arm64"
      ],
      "dev": true,
      "optional": true,
      "os": [
        "darwin"
      ],
      "engines": {
        "node": ">=12"
      }
    },
    "node_modules/esbuild-freebsd-64": {
      "version": "0.15.10",
      "resolved": "https://registry.npmjs.org/esbuild-freebsd-64/-/esbuild-freebsd-64-0.15.10.tgz",
      "integrity": "sha512-KMBFMa7C8oc97nqDdoZwtDBX7gfpolkk6Bcmj6YFMrtCMVgoU/x2DI1p74DmYl7CSS6Ppa3xgemrLrr5IjIn0w==",
      "cpu": [
        "x64"
      ],
      "dev": true,
      "optional": true,
      "os": [
        "freebsd"
      ],
      "engines": {
        "node": ">=12"
      }
    },
    "node_modules/esbuild-freebsd-arm64": {
      "version": "0.15.10",
      "resolved": "https://registry.npmjs.org/esbuild-freebsd-arm64/-/esbuild-freebsd-arm64-0.15.10.tgz",
      "integrity": "sha512-m2KNbuCX13yQqLlbSojFMHpewbn8wW5uDS6DxRpmaZKzyq8Dbsku6hHvh2U+BcLwWY4mpgXzFUoENEf7IcioGg==",
      "cpu": [
        "arm64"
      ],
      "dev": true,
      "optional": true,
      "os": [
        "freebsd"
      ],
      "engines": {
        "node": ">=12"
      }
    },
    "node_modules/esbuild-linux-32": {
      "version": "0.15.10",
      "resolved": "https://registry.npmjs.org/esbuild-linux-32/-/esbuild-linux-32-0.15.10.tgz",
      "integrity": "sha512-guXrwSYFAvNkuQ39FNeV4sNkNms1bLlA5vF1H0cazZBOLdLFIny6BhT+TUbK/hdByMQhtWQ5jI9VAmPKbVPu1w==",
      "cpu": [
        "ia32"
      ],
      "dev": true,
      "optional": true,
      "os": [
        "linux"
      ],
      "engines": {
        "node": ">=12"
      }
    },
    "node_modules/esbuild-linux-64": {
      "version": "0.15.10",
      "resolved": "https://registry.npmjs.org/esbuild-linux-64/-/esbuild-linux-64-0.15.10.tgz",
      "integrity": "sha512-jd8XfaSJeucMpD63YNMO1JCrdJhckHWcMv6O233bL4l6ogQKQOxBYSRP/XLWP+6kVTu0obXovuckJDcA0DKtQA==",
      "cpu": [
        "x64"
      ],
      "dev": true,
      "optional": true,
      "os": [
        "linux"
      ],
      "engines": {
        "node": ">=12"
      }
    },
    "node_modules/esbuild-linux-arm": {
      "version": "0.15.10",
      "resolved": "https://registry.npmjs.org/esbuild-linux-arm/-/esbuild-linux-arm-0.15.10.tgz",
      "integrity": "sha512-6N8vThLL/Lysy9y4Ex8XoLQAlbZKUyExCWyayGi2KgTBelKpPgj6RZnUaKri0dHNPGgReJriKVU6+KDGQwn10A==",
      "cpu": [
        "arm"
      ],
      "dev": true,
      "optional": true,
      "os": [
        "linux"
      ],
      "engines": {
        "node": ">=12"
      }
    },
    "node_modules/esbuild-linux-arm64": {
      "version": "0.15.10",
      "resolved": "https://registry.npmjs.org/esbuild-linux-arm64/-/esbuild-linux-arm64-0.15.10.tgz",
      "integrity": "sha512-GByBi4fgkvZFTHFDYNftu1DQ1GzR23jws0oWyCfhnI7eMOe+wgwWrc78dbNk709Ivdr/evefm2PJiUBMiusS1A==",
      "cpu": [
        "arm64"
      ],
      "dev": true,
      "optional": true,
      "os": [
        "linux"
      ],
      "engines": {
        "node": ">=12"
      }
    },
    "node_modules/esbuild-linux-mips64le": {
      "version": "0.15.10",
      "resolved": "https://registry.npmjs.org/esbuild-linux-mips64le/-/esbuild-linux-mips64le-0.15.10.tgz",
      "integrity": "sha512-BxP+LbaGVGIdQNJUNF7qpYjEGWb0YyHVSKqYKrn+pTwH/SiHUxFyJYSP3pqkku61olQiSBnSmWZ+YUpj78Tw7Q==",
      "cpu": [
        "mips64el"
      ],
      "dev": true,
      "optional": true,
      "os": [
        "linux"
      ],
      "engines": {
        "node": ">=12"
      }
    },
    "node_modules/esbuild-linux-ppc64le": {
      "version": "0.15.10",
      "resolved": "https://registry.npmjs.org/esbuild-linux-ppc64le/-/esbuild-linux-ppc64le-0.15.10.tgz",
      "integrity": "sha512-LoSQCd6498PmninNgqd/BR7z3Bsk/mabImBWuQ4wQgmQEeanzWd5BQU2aNi9mBURCLgyheuZS6Xhrw5luw3OkQ==",
      "cpu": [
        "ppc64"
      ],
      "dev": true,
      "optional": true,
      "os": [
        "linux"
      ],
      "engines": {
        "node": ">=12"
      }
    },
    "node_modules/esbuild-linux-riscv64": {
      "version": "0.15.10",
      "resolved": "https://registry.npmjs.org/esbuild-linux-riscv64/-/esbuild-linux-riscv64-0.15.10.tgz",
      "integrity": "sha512-Lrl9Cr2YROvPV4wmZ1/g48httE8z/5SCiXIyebiB5N8VT7pX3t6meI7TQVHw/wQpqP/AF4SksDuFImPTM7Z32Q==",
      "cpu": [
        "riscv64"
      ],
      "dev": true,
      "optional": true,
      "os": [
        "linux"
      ],
      "engines": {
        "node": ">=12"
      }
    },
    "node_modules/esbuild-linux-s390x": {
      "version": "0.15.10",
      "resolved": "https://registry.npmjs.org/esbuild-linux-s390x/-/esbuild-linux-s390x-0.15.10.tgz",
      "integrity": "sha512-ReP+6q3eLVVP2lpRrvl5EodKX7EZ1bS1/z5j6hsluAlZP5aHhk6ghT6Cq3IANvvDdscMMCB4QEbI+AjtvoOFpA==",
      "cpu": [
        "s390x"
      ],
      "dev": true,
      "optional": true,
      "os": [
        "linux"
      ],
      "engines": {
        "node": ">=12"
      }
    },
    "node_modules/esbuild-netbsd-64": {
      "version": "0.15.10",
      "resolved": "https://registry.npmjs.org/esbuild-netbsd-64/-/esbuild-netbsd-64-0.15.10.tgz",
      "integrity": "sha512-iGDYtJCMCqldMskQ4eIV+QSS/CuT7xyy9i2/FjpKvxAuCzrESZXiA1L64YNj6/afuzfBe9i8m/uDkFHy257hTw==",
      "cpu": [
        "x64"
      ],
      "dev": true,
      "optional": true,
      "os": [
        "netbsd"
      ],
      "engines": {
        "node": ">=12"
      }
    },
    "node_modules/esbuild-openbsd-64": {
      "version": "0.15.10",
      "resolved": "https://registry.npmjs.org/esbuild-openbsd-64/-/esbuild-openbsd-64-0.15.10.tgz",
      "integrity": "sha512-ftMMIwHWrnrYnvuJQRJs/Smlcb28F9ICGde/P3FUTCgDDM0N7WA0o9uOR38f5Xe2/OhNCgkjNeb7QeaE3cyWkQ==",
      "cpu": [
        "x64"
      ],
      "dev": true,
      "optional": true,
      "os": [
        "openbsd"
      ],
      "engines": {
        "node": ">=12"
      }
    },
    "node_modules/esbuild-plugin-import-glob": {
      "version": "0.1.1",
      "resolved": "https://registry.npmjs.org/esbuild-plugin-import-glob/-/esbuild-plugin-import-glob-0.1.1.tgz",
      "integrity": "sha512-yAFH+9AoIcsQkODSx0KUPRv1FeJUN6Tef8vkPQMcuVkc2vXYneYKsHhOiFS/yIsg5bQ70HHtAlXVA1uTjgoJXg==",
      "dev": true,
      "dependencies": {
        "fast-glob": "^3.2.5"
      }
    },
    "node_modules/esbuild-sunos-64": {
      "version": "0.15.10",
      "resolved": "https://registry.npmjs.org/esbuild-sunos-64/-/esbuild-sunos-64-0.15.10.tgz",
      "integrity": "sha512-mf7hBL9Uo2gcy2r3rUFMjVpTaGpFJJE5QTDDqUFf1632FxteYANffDZmKbqX0PfeQ2XjUDE604IcE7OJeoHiyg==",
      "cpu": [
        "x64"
      ],
      "dev": true,
      "optional": true,
      "os": [
        "sunos"
      ],
      "engines": {
        "node": ">=12"
      }
    },
    "node_modules/esbuild-svelte": {
      "version": "0.7.1",
      "resolved": "https://registry.npmjs.org/esbuild-svelte/-/esbuild-svelte-0.7.1.tgz",
      "integrity": "sha512-83vRAJ2OmoKxmK+rLFZVmyv5bJ8ahsYQwJ2RGmNAlHBIHq4ENUwA/hiwA2+AohrWD1BgZnGPMj8DL3l0I0xkug==",
      "dev": true,
      "engines": {
        "node": ">=14"
      },
      "peerDependencies": {
        "esbuild": ">=0.9.6",
        "svelte": ">=3.43.0"
      }
    },
    "node_modules/esbuild-windows-32": {
      "version": "0.15.10",
      "resolved": "https://registry.npmjs.org/esbuild-windows-32/-/esbuild-windows-32-0.15.10.tgz",
      "integrity": "sha512-ttFVo+Cg8b5+qHmZHbEc8Vl17kCleHhLzgT8X04y8zudEApo0PxPg9Mz8Z2cKH1bCYlve1XL8LkyXGFjtUYeGg==",
      "cpu": [
        "ia32"
      ],
      "dev": true,
      "optional": true,
      "os": [
        "win32"
      ],
      "engines": {
        "node": ">=12"
      }
    },
    "node_modules/esbuild-windows-64": {
      "version": "0.15.10",
      "resolved": "https://registry.npmjs.org/esbuild-windows-64/-/esbuild-windows-64-0.15.10.tgz",
      "integrity": "sha512-2H0gdsyHi5x+8lbng3hLbxDWR7mKHWh5BXZGKVG830KUmXOOWFE2YKJ4tHRkejRduOGDrBvHBriYsGtmTv3ntA==",
      "cpu": [
        "x64"
      ],
      "dev": true,
      "optional": true,
      "os": [
        "win32"
      ],
      "engines": {
        "node": ">=12"
      }
    },
    "node_modules/esbuild-windows-arm64": {
      "version": "0.15.10",
      "resolved": "https://registry.npmjs.org/esbuild-windows-arm64/-/esbuild-windows-arm64-0.15.10.tgz",
      "integrity": "sha512-S+th4F+F8VLsHLR0zrUcG+Et4hx0RKgK1eyHc08kztmLOES8BWwMiaGdoW9hiXuzznXQ0I/Fg904MNbr11Nktw==",
      "cpu": [
        "arm64"
      ],
      "dev": true,
      "optional": true,
      "os": [
        "win32"
      ],
      "engines": {
        "node": ">=12"
      }
    },
    "node_modules/fast-glob": {
      "version": "3.2.11",
      "resolved": "https://registry.npmjs.org/fast-glob/-/fast-glob-3.2.11.tgz",
      "integrity": "sha512-xrO3+1bxSo3ZVHAnqzyuewYT6aMFHRAd4Kcs92MAonjwQZLsK9d0SF1IyQ3k5PoirxTW0Oe/RqFgMQ6TcNE5Ew==",
      "dev": true,
      "dependencies": {
        "@nodelib/fs.stat": "^2.0.2",
        "@nodelib/fs.walk": "^1.2.3",
        "glob-parent": "^5.1.2",
        "merge2": "^1.3.0",
        "micromatch": "^4.0.4"
      },
      "engines": {
        "node": ">=8.6.0"
      }
    },
    "node_modules/fastq": {
      "version": "1.13.0",
      "resolved": "https://registry.npmjs.org/fastq/-/fastq-1.13.0.tgz",
      "integrity": "sha512-YpkpUnK8od0o1hmeSc7UUs/eB/vIPWJYjKck2QKIzAf71Vm1AAQ3EbuZB3g2JIy+pg+ERD0vqI79KyZiB2e2Nw==",
      "dev": true,
      "dependencies": {
        "reusify": "^1.0.4"
      }
    },
    "node_modules/fill-range": {
      "version": "7.0.1",
      "resolved": "https://registry.npmjs.org/fill-range/-/fill-range-7.0.1.tgz",
      "integrity": "sha512-qOo9F+dMUmC2Lcb4BbVvnKJxTPjCm+RRpe4gDuGrzkL7mEVl/djYSu2OdQ2Pa302N4oqkSg9ir6jaLWJ2USVpQ==",
      "dev": true,
      "dependencies": {
        "to-regex-range": "^5.0.1"
      },
      "engines": {
        "node": ">=8"
      }
    },
    "node_modules/glob-parent": {
      "version": "5.1.2",
      "resolved": "https://registry.npmjs.org/glob-parent/-/glob-parent-5.1.2.tgz",
      "integrity": "sha512-AOIgSQCepiJYwP3ARnGx+5VnTu2HBYdzbGP45eLw1vr3zB3vZLeyed1sC9hnbcOc9/SrMyM5RPQrkGz4aS9Zow==",
      "dev": true,
      "dependencies": {
        "is-glob": "^4.0.1"
      },
      "engines": {
        "node": ">= 6"
      }
    },
    "node_modules/is-alphabetical": {
      "version": "2.0.1",
      "resolved": "https://registry.npmjs.org/is-alphabetical/-/is-alphabetical-2.0.1.tgz",
      "integrity": "sha512-FWyyY60MeTNyeSRpkM2Iry0G9hpr7/9kD40mD/cGQEuilcZYS4okz8SN2Q6rLCJ8gbCt6fN+rC+6tMGS99LaxQ==",
      "funding": {
        "type": "github",
        "url": "https://github.com/sponsors/wooorm"
      }
    },
    "node_modules/is-alphanumerical": {
      "version": "2.0.1",
      "resolved": "https://registry.npmjs.org/is-alphanumerical/-/is-alphanumerical-2.0.1.tgz",
      "integrity": "sha512-hmbYhX/9MUMF5uh7tOXyK/n0ZvWpad5caBA17GsC6vyuCqaWliRG5K1qS9inmUhEMaOBIW7/whAnSwveW/LtZw==",
      "dependencies": {
        "is-alphabetical": "^2.0.0",
        "is-decimal": "^2.0.0"
      },
      "funding": {
        "type": "github",
        "url": "https://github.com/sponsors/wooorm"
      }
    },
    "node_modules/is-decimal": {
      "version": "2.0.1",
      "resolved": "https://registry.npmjs.org/is-decimal/-/is-decimal-2.0.1.tgz",
      "integrity": "sha512-AAB9hiomQs5DXWcRB1rqsxGUstbRroFOPPVAomNk/3XHR5JyEZChOyTWe2oayKnsSsr/kcGqF+z6yuH6HHpN0A==",
      "funding": {
        "type": "github",
        "url": "https://github.com/sponsors/wooorm"
      }
    },
    "node_modules/is-extglob": {
      "version": "2.1.1",
      "resolved": "https://registry.npmjs.org/is-extglob/-/is-extglob-2.1.1.tgz",
      "integrity": "sha512-SbKbANkN603Vi4jEZv49LeVJMn4yGwsbzZworEoyEiutsN3nJYdbO36zfhGJ6QEDpOZIFkDtnq5JRxmvl3jsoQ==",
      "dev": true,
      "engines": {
        "node": ">=0.10.0"
      }
    },
    "node_modules/is-glob": {
      "version": "4.0.3",
      "resolved": "https://registry.npmjs.org/is-glob/-/is-glob-4.0.3.tgz",
      "integrity": "sha512-xelSayHH36ZgE7ZWhli7pW34hNbNl8Ojv5KVmkJD4hBdD3th8Tfk9vYasLM+mXWOZhFkgZfxhLSnrwRr4elSSg==",
      "dev": true,
      "dependencies": {
        "is-extglob": "^2.1.1"
      },
      "engines": {
        "node": ">=0.10.0"
      }
    },
    "node_modules/is-number": {
      "version": "7.0.0",
      "resolved": "https://registry.npmjs.org/is-number/-/is-number-7.0.0.tgz",
      "integrity": "sha512-41Cifkg6e8TylSpdtTpeLVMqvSBEVzTttHvERD741+pnZ8ANv0004MRL43QKPDlK9cGvNp6NZWZUBlbGXYxxng==",
      "dev": true,
      "engines": {
        "node": ">=0.12.0"
      }
    },
    "node_modules/merge2": {
      "version": "1.4.1",
      "resolved": "https://registry.npmjs.org/merge2/-/merge2-1.4.1.tgz",
      "integrity": "sha512-8q7VEgMJW4J8tcfVPy8g09NcQwZdbwFEqhe/WZkoIzjn/3TGDwtOCYtXGxA3O8tPzpczCCDgv+P2P5y00ZJOOg==",
      "dev": true,
      "engines": {
        "node": ">= 8"
      }
    },
    "node_modules/micromatch": {
      "version": "4.0.5",
      "resolved": "https://registry.npmjs.org/micromatch/-/micromatch-4.0.5.tgz",
      "integrity": "sha512-DMy+ERcEW2q8Z2Po+WNXuw3c5YaUSFjAO5GsJqfEl7UjvtIuFKO6ZrKvcItdy98dwFI2N1tg3zNIdKaQT+aNdA==",
      "dev": true,
      "dependencies": {
        "braces": "^3.0.2",
        "picomatch": "^2.3.1"
      },
      "engines": {
        "node": ">=8.6"
      }
    },
    "node_modules/picomatch": {
      "version": "2.3.1",
      "resolved": "https://registry.npmjs.org/picomatch/-/picomatch-2.3.1.tgz",
      "integrity": "sha512-JU3teHTNjmE2VCGFzuY8EXzCDVwEqB2a8fsIvwaStHhAWJEeVd1o1QD80CU6+ZdEXXSLbSsuLwJjkCBWqRQUVA==",
      "dev": true,
      "engines": {
        "node": ">=8.6"
      },
      "funding": {
        "url": "https://github.com/sponsors/jonschlinkert"
      }
    },
    "node_modules/queue-microtask": {
      "version": "1.2.3",
      "resolved": "https://registry.npmjs.org/queue-microtask/-/queue-microtask-1.2.3.tgz",
      "integrity": "sha512-NuaNSa6flKT5JaSYQzJok04JzTL1CA6aGhv5rfLW3PgqA+M2ChpZQnAC8h8i4ZFkBS8X5RqkDBHA7r4hej3K9A==",
      "dev": true,
      "funding": [
        {
          "type": "github",
          "url": "https://github.com/sponsors/feross"
        },
        {
          "type": "patreon",
          "url": "https://www.patreon.com/feross"
        },
        {
          "type": "consulting",
          "url": "https://feross.org/support"
        }
      ]
    },
    "node_modules/reusify": {
      "version": "1.0.4",
      "resolved": "https://registry.npmjs.org/reusify/-/reusify-1.0.4.tgz",
      "integrity": "sha512-U9nH88a3fc/ekCF1l0/UP1IosiuIjyTh7hBvXVMHYgVcfGvt897Xguj2UOLDeI5BG2m7/uwyaLVT6fbtCwTyzw==",
      "dev": true,
      "engines": {
        "iojs": ">=1.0.0",
        "node": ">=0.10.0"
      }
    },
    "node_modules/run-parallel": {
      "version": "1.2.0",
      "resolved": "https://registry.npmjs.org/run-parallel/-/run-parallel-1.2.0.tgz",
      "integrity": "sha512-5l4VyZR86LZ/lDxZTR6jqL8AFE2S0IFLMP26AbjsLVADxHdhB/c0GUsH+y39UfCi3dzz8OlQuPmnaJOMoDHQBA==",
      "dev": true,
      "funding": [
        {
          "type": "github",
          "url": "https://github.com/sponsors/feross"
        },
        {
          "type": "patreon",
          "url": "https://www.patreon.com/feross"
        },
        {
          "type": "consulting",
          "url": "https://feross.org/support"
        }
      ],
      "dependencies": {
        "queue-microtask": "^1.2.2"
      }
    },
    "node_modules/svelte": {
      "version": "3.51.0",
      "resolved": "https://registry.npmjs.org/svelte/-/svelte-3.51.0.tgz",
      "integrity": "sha512-PBITYIrsNOuW+Dtds00gSY68raNZQn7i59Dg/fjgf6WwyawPKeBwle692coO7ILZqSO+UJe9899aDn9sMdeOHA==",
      "dev": true,
      "engines": {
        "node": ">= 8"
      }
    },
    "node_modules/to-regex-range": {
      "version": "5.0.1",
      "resolved": "https://registry.npmjs.org/to-regex-range/-/to-regex-range-5.0.1.tgz",
      "integrity": "sha512-65P7iz6X5yEr1cwcgvQxbbIw7Uk3gOy5dIdtZ4rDveLqhrdJP+Li/Hx6tyK0NEb+2GCyneCMJiGqrADCSNk8sQ==",
      "dev": true,
      "dependencies": {
        "is-number": "^7.0.0"
      },
      "engines": {
        "node": ">=8.0"
      }
    }
  },
  "dependencies": {
    "@esbuild/android-arm": {
      "version": "0.15.10",
      "resolved": "https://registry.npmjs.org/@esbuild/android-arm/-/android-arm-0.15.10.tgz",
      "integrity": "sha512-FNONeQPy/ox+5NBkcSbYJxoXj9GWu8gVGJTVmUyoOCKQFDTrHVKgNSzChdNt0I8Aj/iKcsDf2r9BFwv+FSNUXg==",
      "dev": true,
      "optional": true
    },
    "@esbuild/linux-loong64": {
      "version": "0.15.10",
      "resolved": "https://registry.npmjs.org/@esbuild/linux-loong64/-/linux-loong64-0.15.10.tgz",
      "integrity": "sha512-w0Ou3Z83LOYEkwaui2M8VwIp+nLi/NA60lBLMvaJ+vXVMcsARYdEzLNE7RSm4+lSg4zq4d7fAVuzk7PNQ5JFgg==",
      "dev": true,
      "optional": true
    },
    "@nodelib/fs.scandir": {
      "version": "2.1.5",
      "resolved": "https://registry.npmjs.org/@nodelib/fs.scandir/-/fs.scandir-2.1.5.tgz",
      "integrity": "sha512-vq24Bq3ym5HEQm2NKCr3yXDwjc7vTsEThRDnkp2DK9p1uqLR+DHurm/NOTo0KG7HYHU7eppKZj3MyqYuMBf62g==",
      "dev": true,
      "requires": {
        "@nodelib/fs.stat": "2.0.5",
        "run-parallel": "^1.1.9"
      }
    },
    "@nodelib/fs.stat": {
      "version": "2.0.5",
      "resolved": "https://registry.npmjs.org/@nodelib/fs.stat/-/fs.stat-2.0.5.tgz",
      "integrity": "sha512-RkhPPp2zrqDAQA/2jNhnztcPAlv64XdhIp7a7454A5ovI7Bukxgt7MX7udwAu3zg1DcpPU0rz3VV1SeaqvY4+A==",
      "dev": true
    },
    "@nodelib/fs.walk": {
      "version": "1.2.8",
      "resolved": "https://registry.npmjs.org/@nodelib/fs.walk/-/fs.walk-1.2.8.tgz",
      "integrity": "sha512-oGB+UxlgWcgQkgwo8GcEGwemoTFt3FIO9ababBmaGwXIoBKZ+GTy0pP185beGg7Llih/NSHSV2XAs1lnznocSg==",
      "dev": true,
      "requires": {
        "@nodelib/fs.scandir": "2.1.5",
        "fastq": "^1.6.0"
      }
    },
    "bcp-47": {
      "version": "2.1.0",
      "resolved": "https://registry.npmjs.org/bcp-47/-/bcp-47-2.1.0.tgz",
      "integrity": "sha512-9IIS3UPrvIa1Ej+lVDdDwO7zLehjqsaByECw0bu2RRGP73jALm6FYbzI5gWbgHLvNdkvfXB5YrSbocZdOS0c0w==",
      "requires": {
        "is-alphabetical": "^2.0.0",
        "is-alphanumerical": "^2.0.0",
        "is-decimal": "^2.0.0"
      }
    },
    "braces": {
      "version": "3.0.2",
      "resolved": "https://registry.npmjs.org/braces/-/braces-3.0.2.tgz",
      "integrity": "sha512-b8um+L1RzM3WDSzvhm6gIz1yfTbBt6YTlcEKAvsmqCZZFw46z626lVj9j1yEPW33H5H+lBQpZMP1k8l+78Ha0A==",
      "dev": true,
      "requires": {
        "fill-range": "^7.0.1"
      }
    },
    "esbuild": {
      "version": "0.15.10",
      "resolved": "https://registry.npmjs.org/esbuild/-/esbuild-0.15.10.tgz",
      "integrity": "sha512-N7wBhfJ/E5fzn/SpNgX+oW2RLRjwaL8Y0ezqNqhjD6w0H2p0rDuEz2FKZqpqLnO8DCaWumKe8dsC/ljvVSSxng==",
      "dev": true,
      "requires": {
        "@esbuild/android-arm": "0.15.10",
        "@esbuild/linux-loong64": "0.15.10",
        "esbuild-android-64": "0.15.10",
        "esbuild-android-arm64": "0.15.10",
        "esbuild-darwin-64": "0.15.10",
        "esbuild-darwin-arm64": "0.15.10",
        "esbuild-freebsd-64": "0.15.10",
        "esbuild-freebsd-arm64": "0.15.10",
        "esbuild-linux-32": "0.15.10",
        "esbuild-linux-64": "0.15.10",
        "esbuild-linux-arm": "0.15.10",
        "esbuild-linux-arm64": "0.15.10",
        "esbuild-linux-mips64le": "0.15.10",
        "esbuild-linux-ppc64le": "0.15.10",
        "esbuild-linux-riscv64": "0.15.10",
        "esbuild-linux-s390x": "0.15.10",
        "esbuild-netbsd-64": "0.15.10",
        "esbuild-openbsd-64": "0.15.10",
        "esbuild-sunos-64": "0.15.10",
        "esbuild-windows-32": "0.15.10",
        "esbuild-windows-64": "0.15.10",
        "esbuild-windows-arm64": "0.15.10"
      }
    },
    "esbuild-android-64": {
      "version": "0.15.10",
      "resolved": "https://registry.npmjs.org/esbuild-android-64/-/esbuild-android-64-0.15.10.tgz",
      "integrity": "sha512-UI7krF8OYO1N7JYTgLT9ML5j4+45ra3amLZKx7LO3lmLt1Ibn8t3aZbX5Pu4BjWiqDuJ3m/hsvhPhK/5Y/YpnA==",
      "dev": true,
      "optional": true
    },
    "esbuild-android-arm64": {
      "version": "0.15.10",
      "resolved": "https://registry.npmjs.org/esbuild-android-arm64/-/esbuild-android-arm64-0.15.10.tgz",
      "integrity": "sha512-EOt55D6xBk5O05AK8brXUbZmoFj4chM8u3riGflLa6ziEoVvNjRdD7Cnp82NHQGfSHgYR06XsPI8/sMuA/cUwg==",
      "dev": true,
      "optional": true
    },
    "esbuild-darwin-64": {
      "version": "0.15.10",
      "resolved": "https://registry.npmjs.org/esbuild-darwin-64/-/esbuild-darwin-64-0.15.10.tgz",
      "integrity": "sha512-hbDJugTicqIm+WKZgp208d7FcXcaK8j2c0l+fqSJ3d2AzQAfjEYDRM3Z2oMeqSJ9uFxyj/muSACLdix7oTstRA==",
      "dev": true,
      "optional": true
    },
    "esbuild-darwin-arm64": {
      "version": "0.15.10",
      "resolved": "https://registry.npmjs.org/esbuild-darwin-arm64/-/esbuild-darwin-arm64-0.15.10.tgz",
      "integrity": "sha512-M1t5+Kj4IgSbYmunf2BB6EKLkWUq+XlqaFRiGOk8bmBapu9bCDrxjf4kUnWn59Dka3I27EiuHBKd1rSO4osLFQ==",
      "dev": true,
      "optional": true
    },
    "esbuild-freebsd-64": {
      "version": "0.15.10",
      "resolved": "https://registry.npmjs.org/esbuild-freebsd-64/-/esbuild-freebsd-64-0.15.10.tgz",
      "integrity": "sha512-KMBFMa7C8oc97nqDdoZwtDBX7gfpolkk6Bcmj6YFMrtCMVgoU/x2DI1p74DmYl7CSS6Ppa3xgemrLrr5IjIn0w==",
      "dev": true,
      "optional": true
    },
    "esbuild-freebsd-arm64": {
      "version": "0.15.10",
      "resolved": "https://registry.npmjs.org/esbuild-freebsd-arm64/-/esbuild-freebsd-arm64-0.15.10.tgz",
      "integrity": "sha512-m2KNbuCX13yQqLlbSojFMHpewbn8wW5uDS6DxRpmaZKzyq8Dbsku6hHvh2U+BcLwWY4mpgXzFUoENEf7IcioGg==",
      "dev": true,
      "optional": true
    },
    "esbuild-linux-32": {
      "version": "0.15.10",
      "resolved": "https://registry.npmjs.org/esbuild-linux-32/-/esbuild-linux-32-0.15.10.tgz",
      "integrity": "sha512-guXrwSYFAvNkuQ39FNeV4sNkNms1bLlA5vF1H0cazZBOLdLFIny6BhT+TUbK/hdByMQhtWQ5jI9VAmPKbVPu1w==",
      "dev": true,
      "optional": true
    },
    "esbuild-linux-64": {
      "version": "0.15.10",
      "resolved": "https://registry.npmjs.org/esbuild-linux-64/-/esbuild-linux-64-0.15.10.tgz",
      "integrity": "sha512-jd8XfaSJeucMpD63YNMO1JCrdJhckHWcMv6O233bL4l6ogQKQOxBYSRP/XLWP+6kVTu0obXovuckJDcA0DKtQA==",
      "dev": true,
      "optional": true
    },
    "esbuild-linux-arm": {
      "version": "0.15.10",
      "resolved": "https://registry.npmjs.org/esbuild-linux-arm/-/esbuild-linux-arm-0.15.10.tgz",
      "integrity": "sha512-6N8vThLL/Lysy9y4Ex8XoLQAlbZKUyExCWyayGi2KgTBelKpPgj6RZnUaKri0dHNPGgReJriKVU6+KDGQwn10A==",
      "dev": true,
      "optional": true
    },
    "esbuild-linux-arm64": {
      "version": "0.15.10",
      "resolved": "https://registry.npmjs.org/esbuild-linux-arm64/-/esbuild-linux-arm64-0.15.10.tgz",
      "integrity": "sha512-GByBi4fgkvZFTHFDYNftu1DQ1GzR23jws0oWyCfhnI7eMOe+wgwWrc78dbNk709Ivdr/evefm2PJiUBMiusS1A==",
      "dev": true,
      "optional": true
    },
    "esbuild-linux-mips64le": {
      "version": "0.15.10",
      "resolved": "https://registry.npmjs.org/esbuild-linux-mips64le/-/esbuild-linux-mips64le-0.15.10.tgz",
      "integrity": "sha512-BxP+LbaGVGIdQNJUNF7qpYjEGWb0YyHVSKqYKrn+pTwH/SiHUxFyJYSP3pqkku61olQiSBnSmWZ+YUpj78Tw7Q==",
      "dev": true,
      "optional": true
    },
    "esbuild-linux-ppc64le": {
      "version": "0.15.10",
      "resolved": "https://registry.npmjs.org/esbuild-linux-ppc64le/-/esbuild-linux-ppc64le-0.15.10.tgz",
      "integrity": "sha512-LoSQCd6498PmninNgqd/BR7z3Bsk/mabImBWuQ4wQgmQEeanzWd5BQU2aNi9mBURCLgyheuZS6Xhrw5luw3OkQ==",
      "dev": true,
      "optional": true
    },
    "esbuild-linux-riscv64": {
      "version": "0.15.10",
      "resolved": "https://registry.npmjs.org/esbuild-linux-riscv64/-/esbuild-linux-riscv64-0.15.10.tgz",
      "integrity": "sha512-Lrl9Cr2YROvPV4wmZ1/g48httE8z/5SCiXIyebiB5N8VT7pX3t6meI7TQVHw/wQpqP/AF4SksDuFImPTM7Z32Q==",
      "dev": true,
      "optional": true
    },
    "esbuild-linux-s390x": {
      "version": "0.15.10",
      "resolved": "https://registry.npmjs.org/esbuild-linux-s390x/-/esbuild-linux-s390x-0.15.10.tgz",
      "integrity": "sha512-ReP+6q3eLVVP2lpRrvl5EodKX7EZ1bS1/z5j6hsluAlZP5aHhk6ghT6Cq3IANvvDdscMMCB4QEbI+AjtvoOFpA==",
      "dev": true,
      "optional": true
    },
    "esbuild-netbsd-64": {
      "version": "0.15.10",
      "resolved": "https://registry.npmjs.org/esbuild-netbsd-64/-/esbuild-netbsd-64-0.15.10.tgz",
      "integrity": "sha512-iGDYtJCMCqldMskQ4eIV+QSS/CuT7xyy9i2/FjpKvxAuCzrESZXiA1L64YNj6/afuzfBe9i8m/uDkFHy257hTw==",
      "dev": true,
      "optional": true
    },
    "esbuild-openbsd-64": {
      "version": "0.15.10",
      "resolved": "https://registry.npmjs.org/esbuild-openbsd-64/-/esbuild-openbsd-64-0.15.10.tgz",
      "integrity": "sha512-ftMMIwHWrnrYnvuJQRJs/Smlcb28F9ICGde/P3FUTCgDDM0N7WA0o9uOR38f5Xe2/OhNCgkjNeb7QeaE3cyWkQ==",
      "dev": true,
      "optional": true
    },
    "esbuild-plugin-import-glob": {
      "version": "0.1.1",
      "resolved": "https://registry.npmjs.org/esbuild-plugin-import-glob/-/esbuild-plugin-import-glob-0.1.1.tgz",
      "integrity": "sha512-yAFH+9AoIcsQkODSx0KUPRv1FeJUN6Tef8vkPQMcuVkc2vXYneYKsHhOiFS/yIsg5bQ70HHtAlXVA1uTjgoJXg==",
      "dev": true,
      "requires": {
        "fast-glob": "^3.2.5"
      }
    },
    "esbuild-sunos-64": {
      "version": "0.15.10",
      "resolved": "https://registry.npmjs.org/esbuild-sunos-64/-/esbuild-sunos-64-0.15.10.tgz",
      "integrity": "sha512-mf7hBL9Uo2gcy2r3rUFMjVpTaGpFJJE5QTDDqUFf1632FxteYANffDZmKbqX0PfeQ2XjUDE604IcE7OJeoHiyg==",
      "dev": true,
      "optional": true
    },
    "esbuild-svelte": {
      "version": "0.7.1",
      "resolved": "https://registry.npmjs.org/esbuild-svelte/-/esbuild-svelte-0.7.1.tgz",
      "integrity": "sha512-83vRAJ2OmoKxmK+rLFZVmyv5bJ8ahsYQwJ2RGmNAlHBIHq4ENUwA/hiwA2+AohrWD1BgZnGPMj8DL3l0I0xkug==",
      "dev": true,
      "requires": {}
    },
    "esbuild-windows-32": {
      "version": "0.15.10",
      "resolved": "https://registry.npmjs.org/esbuild-windows-32/-/esbuild-windows-32-0.15.10.tgz",
      "integrity": "sha512-ttFVo+Cg8b5+qHmZHbEc8Vl17kCleHhLzgT8X04y8zudEApo0PxPg9Mz8Z2cKH1bCYlve1XL8LkyXGFjtUYeGg==",
      "dev": true,
      "optional": true
    },
    "esbuild-windows-64": {
      "version": "0.15.10",
      "resolved": "https://registry.npmjs.org/esbuild-windows-64/-/esbuild-windows-64-0.15.10.tgz",
      "integrity": "sha512-2H0gdsyHi5x+8lbng3hLbxDWR7mKHWh5BXZGKVG830KUmXOOWFE2YKJ4tHRkejRduOGDrBvHBriYsGtmTv3ntA==",
      "dev": true,
      "optional": true
    },
    "esbuild-windows-arm64": {
      "version": "0.15.10",
      "resolved": "https://registry.npmjs.org/esbuild-windows-arm64/-/esbuild-windows-arm64-0.15.10.tgz",
      "integrity": "sha512-S+th4F+F8VLsHLR0zrUcG+Et4hx0RKgK1eyHc08kztmLOES8BWwMiaGdoW9hiXuzznXQ0I/Fg904MNbr11Nktw==",
      "dev": true,
      "optional": true
    },
    "fast-glob": {
      "version": "3.2.11",
      "resolved": "https://registry.npmjs.org/fast-glob/-/fast-glob-3.2.11.tgz",
      "integrity": "sha512-xrO3+1bxSo3ZVHAnqzyuewYT6aMFHRAd4Kcs92MAonjwQZLsK9d0SF1IyQ3k5PoirxTW0Oe/RqFgMQ6TcNE5Ew==",
      "dev": true,
      "requires": {
        "@nodelib/fs.stat": "^2.0.2",
        "@nodelib/fs.walk": "^1.2.3",
        "glob-parent": "^5.1.2",
        "merge2": "^1.3.0",
        "micromatch": "^4.0.4"
      }
    },
    "fastq": {
      "version": "1.13.0",
      "resolved": "https://registry.npmjs.org/fastq/-/fastq-1.13.0.tgz",
      "integrity": "sha512-YpkpUnK8od0o1hmeSc7UUs/eB/vIPWJYjKck2QKIzAf71Vm1AAQ3EbuZB3g2JIy+pg+ERD0vqI79KyZiB2e2Nw==",
      "dev": true,
      "requires": {
        "reusify": "^1.0.4"
      }
    },
    "fill-range": {
      "version": "7.0.1",
      "resolved": "https://registry.npmjs.org/fill-range/-/fill-range-7.0.1.tgz",
      "integrity": "sha512-qOo9F+dMUmC2Lcb4BbVvnKJxTPjCm+RRpe4gDuGrzkL7mEVl/djYSu2OdQ2Pa302N4oqkSg9ir6jaLWJ2USVpQ==",
      "dev": true,
      "requires": {
        "to-regex-range": "^5.0.1"
      }
    },
    "glob-parent": {
      "version": "5.1.2",
      "resolved": "https://registry.npmjs.org/glob-parent/-/glob-parent-5.1.2.tgz",
      "integrity": "sha512-AOIgSQCepiJYwP3ARnGx+5VnTu2HBYdzbGP45eLw1vr3zB3vZLeyed1sC9hnbcOc9/SrMyM5RPQrkGz4aS9Zow==",
      "dev": true,
      "requires": {
        "is-glob": "^4.0.1"
      }
    },
    "is-alphabetical": {
      "version": "2.0.1",
      "resolved": "https://registry.npmjs.org/is-alphabetical/-/is-alphabetical-2.0.1.tgz",
      "integrity": "sha512-FWyyY60MeTNyeSRpkM2Iry0G9hpr7/9kD40mD/cGQEuilcZYS4okz8SN2Q6rLCJ8gbCt6fN+rC+6tMGS99LaxQ=="
    },
    "is-alphanumerical": {
      "version": "2.0.1",
      "resolved": "https://registry.npmjs.org/is-alphanumerical/-/is-alphanumerical-2.0.1.tgz",
      "integrity": "sha512-hmbYhX/9MUMF5uh7tOXyK/n0ZvWpad5caBA17GsC6vyuCqaWliRG5K1qS9inmUhEMaOBIW7/whAnSwveW/LtZw==",
      "requires": {
        "is-alphabetical": "^2.0.0",
        "is-decimal": "^2.0.0"
      }
    },
    "is-decimal": {
      "version": "2.0.1",
      "resolved": "https://registry.npmjs.org/is-decimal/-/is-decimal-2.0.1.tgz",
      "integrity": "sha512-AAB9hiomQs5DXWcRB1rqsxGUstbRroFOPPVAomNk/3XHR5JyEZChOyTWe2oayKnsSsr/kcGqF+z6yuH6HHpN0A=="
    },
    "is-extglob": {
      "version": "2.1.1",
      "resolved": "https://registry.npmjs.org/is-extglob/-/is-extglob-2.1.1.tgz",
      "integrity": "sha512-SbKbANkN603Vi4jEZv49LeVJMn4yGwsbzZworEoyEiutsN3nJYdbO36zfhGJ6QEDpOZIFkDtnq5JRxmvl3jsoQ==",
      "dev": true
    },
    "is-glob": {
      "version": "4.0.3",
      "resolved": "https://registry.npmjs.org/is-glob/-/is-glob-4.0.3.tgz",
      "integrity": "sha512-xelSayHH36ZgE7ZWhli7pW34hNbNl8Ojv5KVmkJD4hBdD3th8Tfk9vYasLM+mXWOZhFkgZfxhLSnrwRr4elSSg==",
      "dev": true,
      "requires": {
        "is-extglob": "^2.1.1"
      }
    },
    "is-number": {
      "version": "7.0.0",
      "resolved": "https://registry.npmjs.org/is-number/-/is-number-7.0.0.tgz",
      "integrity": "sha512-41Cifkg6e8TylSpdtTpeLVMqvSBEVzTttHvERD741+pnZ8ANv0004MRL43QKPDlK9cGvNp6NZWZUBlbGXYxxng==",
      "dev": true
    },
    "merge2": {
      "version": "1.4.1",
      "resolved": "https://registry.npmjs.org/merge2/-/merge2-1.4.1.tgz",
      "integrity": "sha512-8q7VEgMJW4J8tcfVPy8g09NcQwZdbwFEqhe/WZkoIzjn/3TGDwtOCYtXGxA3O8tPzpczCCDgv+P2P5y00ZJOOg==",
      "dev": true
    },
    "micromatch": {
      "version": "4.0.5",
      "resolved": "https://registry.npmjs.org/micromatch/-/micromatch-4.0.5.tgz",
      "integrity": "sha512-DMy+ERcEW2q8Z2Po+WNXuw3c5YaUSFjAO5GsJqfEl7UjvtIuFKO6ZrKvcItdy98dwFI2N1tg3zNIdKaQT+aNdA==",
      "dev": true,
      "requires": {
        "braces": "^3.0.2",
        "picomatch": "^2.3.1"
      }
    },
    "picomatch": {
      "version": "2.3.1",
      "resolved": "https://registry.npmjs.org/picomatch/-/picomatch-2.3.1.tgz",
      "integrity": "sha512-JU3teHTNjmE2VCGFzuY8EXzCDVwEqB2a8fsIvwaStHhAWJEeVd1o1QD80CU6+ZdEXXSLbSsuLwJjkCBWqRQUVA==",
      "dev": true
    },
    "queue-microtask": {
      "version": "1.2.3",
      "resolved": "https://registry.npmjs.org/queue-microtask/-/queue-microtask-1.2.3.tgz",
      "integrity": "sha512-NuaNSa6flKT5JaSYQzJok04JzTL1CA6aGhv5rfLW3PgqA+M2ChpZQnAC8h8i4ZFkBS8X5RqkDBHA7r4hej3K9A==",
      "dev": true
    },
    "reusify": {
      "version": "1.0.4",
      "resolved": "https://registry.npmjs.org/reusify/-/reusify-1.0.4.tgz",
      "integrity": "sha512-U9nH88a3fc/ekCF1l0/UP1IosiuIjyTh7hBvXVMHYgVcfGvt897Xguj2UOLDeI5BG2m7/uwyaLVT6fbtCwTyzw==",
      "dev": true
    },
    "run-parallel": {
      "version": "1.2.0",
      "resolved": "https://registry.npmjs.org/run-parallel/-/run-parallel-1.2.0.tgz",
      "integrity": "sha512-5l4VyZR86LZ/lDxZTR6jqL8AFE2S0IFLMP26AbjsLVADxHdhB/c0GUsH+y39UfCi3dzz8OlQuPmnaJOMoDHQBA==",
      "dev": true,
      "requires": {
        "queue-microtask": "^1.2.2"
      }
    },
    "svelte": {
      "version": "3.51.0",
      "resolved": "https://registry.npmjs.org/svelte/-/svelte-3.51.0.tgz",
      "integrity": "sha512-PBITYIrsNOuW+Dtds00gSY68raNZQn7i59Dg/fjgf6WwyawPKeBwle692coO7ILZqSO+UJe9899aDn9sMdeOHA==",
      "dev": true
    },
    "to-regex-range": {
      "version": "5.0.1",
      "resolved": "https://registry.npmjs.org/to-regex-range/-/to-regex-range-5.0.1.tgz",
      "integrity": "sha512-65P7iz6X5yEr1cwcgvQxbbIw7Uk3gOy5dIdtZ4rDveLqhrdJP+Li/Hx6tyK0NEb+2GCyneCMJiGqrADCSNk8sQ==",
      "dev": true,
      "requires": {
        "is-number": "^7.0.0"
      }
    }
  }
}
