{
  "name": "pagefind",
  "version": "0.0.0",
  "lockfileVersion": 2,
  "requires": true,
  "packages": {
    "": {
      "name": "pagefind",
      "version": "0.0.0",
      "license": "MIT",
      "bin": {
        "pagefind": "lib/runner/bin.cjs"
      },
      "devDependencies": {
        "@types/node": "^18.15.11"
      },
      "optionalDependencies": {
        "@pagefind/darwin-arm64": "0.0.0",
        "@pagefind/darwin-x64": "0.0.0",
        "@pagefind/linux-arm64": "0.0.0",
        "@pagefind/linux-x64": "0.0.0",
        "@pagefind/windows-x64": "0.0.0"
      }
    },
    "node_modules/@types/node": {
      "version": "18.15.13",
      "resolved": "https://registry.npmjs.org/@types/node/-/node-18.15.13.tgz",
      "integrity": "sha512-N+0kuo9KgrUQ1Sn/ifDXsvg0TTleP7rIy4zOBGECxAljqvqfqpTfzx0Q1NUedOixRMBfe2Whhb056a42cWs26Q==",
      "dev": true
    }
  },
  "dependencies": {
    "@types/node": {
      "version": "18.15.13",
      "resolved": "https://registry.npmjs.org/@types/node/-/node-18.15.13.tgz",
      "integrity": "sha512-N+0kuo9KgrUQ1Sn/ifDXsvg0TTleP7rIy4zOBGECxAljqvqfqpTfzx0Q1NUedOixRMBfe2Whhb056a42cWs26Q==",
      "dev": true
    }
  }
}
