{
  "name": "pagefind",
  "version": "0.0.0",
  "lockfileVersion": 2,
  "requires": true,
  "packages": {
    "": {
      "name": "pagefind",
      "version": "0.0.0",
      "license": "MIT",
      "bin": {
        "pagefind": "lib/runner/bin.cjs"
      },
      "devDependencies": {
        "@types/node": "^20.4.5"
      },
      "optionalDependencies": {
        "@pagefind/darwin-arm64": "0.0.0",
        "@pagefind/darwin-x64": "0.0.0",
        "@pagefind/linux-arm64": "0.0.0",
        "@pagefind/linux-x64": "0.0.0",
        "@pagefind/windows-x64": "0.0.0"
      }
    },
    "node_modules/@types/node": {
      "version": "20.7.2",
      "resolved": "https://registry.npmjs.org/@types/node/-/node-20.7.2.tgz",
      "integrity": "sha512-RcdC3hOBOauLP+r/kRt27NrByYtDjsXyAuSbR87O6xpsvi763WI+5fbSIvYJrXnt9w4RuxhV6eAXfIs7aaf/FQ==",
      "dev": true
    }
  },
  "dependencies": {
    "@types/node": {
      "version": "20.7.2",
      "resolved": "https://registry.npmjs.org/@types/node/-/node-20.7.2.tgz",
      "integrity": "sha512-RcdC3hOBOauLP+r/kRt27NrByYtDjsXyAuSbR87O6xpsvi763WI+5fbSIvYJrXnt9w4RuxhV6eAXfIs7aaf/FQ==",
      "dev": true
    }
  }
}
