{
  "name": "@pagefind/js",
  "version": "0.0.0",
  "lockfileVersion": 3,
  "requires": true,
  "packages": {
    "": {
      "name": "@pagefind/js",
      "version": "0.0.0",
      "license": "MIT",
      "devDependencies": {
        "esbuild": "^0.18.2",
        "typescript": "^5.1.6"
      }
    },
    "node_modules/@esbuild/android-arm": {
      "version": "0.18.2",
      "resolved": "https://registry.npmjs.org/@esbuild/android-arm/-/android-arm-0.18.2.tgz",
      "integrity": "sha512-YAnQBHlY0IvYtvY0avnXjI8ywW23emEjk5XExqbFmypath+Snq9MgY1IS47rnqBKVSqnl0ElDt221ZgaeRrkXg==",
      "cpu": [
        "arm"
      ],
      "dev": true,
      "optional": true,
      "os": [
        "android"
      ],
      "engines": {
        "node": ">=12"
      }
    },
    "node_modules/@esbuild/android-arm64": {
      "version": "0.18.2",
      "resolved": "https://registry.npmjs.org/@esbuild/android-arm64/-/android-arm64-0.18.2.tgz",
      "integrity": "sha512-1Y2pb0hLdmji8I0zBwNsYSDN7zJSQqufgLOuOsrrod00WEAgKywQR5MB/E046Is/YTP4bgcPS4BioaSDBaLaTg==",
      "cpu": [
        "arm64"
      ],
      "dev": true,
      "optional": true,
      "os": [
        "android"
      ],
      "engines": {
        "node": ">=12"
      }
    },
    "node_modules/@esbuild/android-x64": {
      "version": "0.18.2",
      "resolved": "https://registry.npmjs.org/@esbuild/android-x64/-/android-x64-0.18.2.tgz",
      "integrity": "sha512-P047Mh3pj8uYVE3A/B3QDX6nG8dKbHLJ+48R6Y0CRXCJ5PkXJxdHOTaS8SYs6eSR3FFU6/YQ5TishQXVHX7F5A==",
      "cpu": [
        "x64"
      ],
      "dev": true,
      "optional": true,
      "os": [
        "android"
      ],
      "engines": {
        "node": ">=12"
      }
    },
    "node_modules/@esbuild/darwin-arm64": {
      "version": "0.18.2",
      "resolved": "https://registry.npmjs.org/@esbuild/darwin-arm64/-/darwin-arm64-0.18.2.tgz",
      "integrity": "sha512-a3Rkqd0tGVYMEKNy9SstWEdeBmM60l8FVD5o4rmwHr3xO1LbLqtCJSrWGbnf37hevo6m437mURVmpEHOmkXeTA==",
      "cpu": [
        "arm64"
      ],
      "dev": true,
      "optional": true,
      "os": [
        "darwin"
      ],
      "engines": {
        "node": ">=12"
      }
    },
    "node_modules/@esbuild/darwin-x64": {
      "version": "0.18.2",
      "resolved": "https://registry.npmjs.org/@esbuild/darwin-x64/-/darwin-x64-0.18.2.tgz",
      "integrity": "sha512-cvH58adz9L10JNsIcgtkWNS/1eutjRTi3rtWz1s3ZhR64BpdmkxJBAXE/UjqybyNAWLhaN8mPJdlYI2f+tQA7g==",
      "cpu": [
        "x64"
      ],
      "dev": true,
      "optional": true,
      "os": [
        "darwin"
      ],
      "engines": {
        "node": ">=12"
      }
    },
    "node_modules/@esbuild/freebsd-arm64": {
      "version": "0.18.2",
      "resolved": "https://registry.npmjs.org/@esbuild/freebsd-arm64/-/freebsd-arm64-0.18.2.tgz",
      "integrity": "sha512-68rGMGUdgmq+c5IvseCMqY4yaa2CAY/DIILMBA6bEU1caISF7fXnV69B1uU4s3ERuVDcasVVwiAFyNxCtkS6Zg==",
      "cpu": [
        "arm64"
      ],
      "dev": true,
      "optional": true,
      "os": [
        "freebsd"
      ],
      "engines": {
        "node": ">=12"
      }
    },
    "node_modules/@esbuild/freebsd-x64": {
      "version": "0.18.2",
      "resolved": "https://registry.npmjs.org/@esbuild/freebsd-x64/-/freebsd-x64-0.18.2.tgz",
      "integrity": "sha512-ZSR9On/rXoYuAtrXo5hYKy7OuZwKZyFh2rr6L3TX4UeR1tWLf84aLyAFt7e0tlRbh4zNgqFx+ePWmsSHw7L9Bw==",
      "cpu": [
        "x64"
      ],
      "dev": true,
      "optional": true,
      "os": [
        "freebsd"
      ],
      "engines": {
        "node": ">=12"
      }
    },
    "node_modules/@esbuild/linux-arm": {
      "version": "0.18.2",
      "resolved": "https://registry.npmjs.org/@esbuild/linux-arm/-/linux-arm-0.18.2.tgz",
      "integrity": "sha512-jAbA75qJ70T5AOdmw9X8675ppeRfj7j57sOypoZ4mQlfQ/LKF8eoeLzTYVo8+aqLKqeIIl0vQ4hKOB0FyG98Zg==",
      "cpu": [
        "arm"
      ],
      "dev": true,
      "optional": true,
      "os": [
        "linux"
      ],
      "engines": {
        "node": ">=12"
      }
    },
    "node_modules/@esbuild/linux-arm64": {
      "version": "0.18.2",
      "resolved": "https://registry.npmjs.org/@esbuild/linux-arm64/-/linux-arm64-0.18.2.tgz",
      "integrity": "sha512-DFKavAzbu/n9HXWuetxmYN10XnfzW7FgOgpcrGD8eXaiu77KdgB+OVWA83x9FtDYtsoFpfdlDuVFAQFfrhu77A==",
      "cpu": [
        "arm64"
      ],
      "dev": true,
      "optional": true,
      "os": [
        "linux"
      ],
      "engines": {
        "node": ">=12"
      }
    },
    "node_modules/@esbuild/linux-ia32": {
      "version": "0.18.2",
      "resolved": "https://registry.npmjs.org/@esbuild/linux-ia32/-/linux-ia32-0.18.2.tgz",
      "integrity": "sha512-VEaK3Z+vJyDwwPsP0sovaEw1foDzrMs7XQNYEIFkOwMjSe2BipKRKUUyrznil0p8qqsK7U8W+T7oNqZpgdnD2Q==",
      "cpu": [
        "ia32"
      ],
      "dev": true,
      "optional": true,
      "os": [
        "linux"
      ],
      "engines": {
        "node": ">=12"
      }
    },
    "node_modules/@esbuild/linux-loong64": {
      "version": "0.18.2",
      "resolved": "https://registry.npmjs.org/@esbuild/linux-loong64/-/linux-loong64-0.18.2.tgz",
      "integrity": "sha512-Af1uZdB0oeJo4PW67l9aw94oakSamFxhC6ltC2eDkndozd9QygVNMTF7s7uxTLjo+BJqyVqG9wjmLCYF1o4NmA==",
      "cpu": [
        "loong64"
      ],
      "dev": true,
      "optional": true,
      "os": [
        "linux"
      ],
      "engines": {
        "node": ">=12"
      }
    },
    "node_modules/@esbuild/linux-mips64el": {
      "version": "0.18.2",
      "resolved": "https://registry.npmjs.org/@esbuild/linux-mips64el/-/linux-mips64el-0.18.2.tgz",
      "integrity": "sha512-WcTbt61+9dREuOFKXac4Qg+3OuRhLxPL9lmkI2P7fGuq/fWS2qq+AvGGVLMyk+OtXGDjyQolcEDeYlRoOmjRYQ==",
      "cpu": [
        "mips64el"
      ],
      "dev": true,
      "optional": true,
      "os": [
        "linux"
      ],
      "engines": {
        "node": ">=12"
      }
    },
    "node_modules/@esbuild/linux-ppc64": {
      "version": "0.18.2",
      "resolved": "https://registry.npmjs.org/@esbuild/linux-ppc64/-/linux-ppc64-0.18.2.tgz",
      "integrity": "sha512-Ov+VHayvCPb52axma6+xm8QDawRjwHscPXedHg4U92DxlhKQ0H+6onRiC3J9kKI50p8pKKypprpCWrRrXjZN7Q==",
      "cpu": [
        "ppc64"
      ],
      "dev": true,
      "optional": true,
      "os": [
        "linux"
      ],
      "engines": {
        "node": ">=12"
      }
    },
    "node_modules/@esbuild/linux-riscv64": {
      "version": "0.18.2",
      "resolved": "https://registry.npmjs.org/@esbuild/linux-riscv64/-/linux-riscv64-0.18.2.tgz",
      "integrity": "sha512-qW37zzKKN9C5l5LnVDriOK0eZRzQeixhtrfd5C78PAsTE15GeHU9G0oyT/u/IkNjEBjXWpTZOOHKNbjhrvuL9g==",
      "cpu": [
        "riscv64"
      ],
      "dev": true,
      "optional": true,
      "os": [
        "linux"
      ],
      "engines": {
        "node": ">=12"
      }
    },
    "node_modules/@esbuild/linux-s390x": {
      "version": "0.18.2",
      "resolved": "https://registry.npmjs.org/@esbuild/linux-s390x/-/linux-s390x-0.18.2.tgz",
      "integrity": "sha512-izzEFMRO8LaQIlX22+fTgP5I7Os3T51mtAWsRNpZ5pMfQIa9PqtgFAoRcb10DV+/YkH/TMMxQIlevUvDS6E4vw==",
      "cpu": [
        "s390x"
      ],
      "dev": true,
      "optional": true,
      "os": [
        "linux"
      ],
      "engines": {
        "node": ">=12"
      }
    },
    "node_modules/@esbuild/linux-x64": {
      "version": "0.18.2",
      "resolved": "https://registry.npmjs.org/@esbuild/linux-x64/-/linux-x64-0.18.2.tgz",
      "integrity": "sha512-y5yqQ1ww4FfI9bQ1ZP/0k1rcgA6Ql2/AgzvqpowN0Q5tXDZkCavPdJbFXKrqA43vd1UTXt+AutTHYJ7km6e2Eg==",
      "cpu": [
        "x64"
      ],
      "dev": true,
      "optional": true,
      "os": [
        "linux"
      ],
      "engines": {
        "node": ">=12"
      }
    },
    "node_modules/@esbuild/netbsd-x64": {
      "version": "0.18.2",
      "resolved": "https://registry.npmjs.org/@esbuild/netbsd-x64/-/netbsd-x64-0.18.2.tgz",
      "integrity": "sha512-usNjpKFf83X4o60gdMD47NCblaSZ6DARf31/FyCzxOgnF80mJ+RhDs9RTqgyfH8KyduO5mjgInw9+ct286ayYA==",
      "cpu": [
        "x64"
      ],
      "dev": true,
      "optional": true,
      "os": [
        "netbsd"
      ],
      "engines": {
        "node": ">=12"
      }
    },
    "node_modules/@esbuild/openbsd-x64": {
      "version": "0.18.2",
      "resolved": "https://registry.npmjs.org/@esbuild/openbsd-x64/-/openbsd-x64-0.18.2.tgz",
      "integrity": "sha512-6urzy1+VwcPuhG+5jwHA8lD9E87E5+ey3qKw2EhRS+qUmMxLvfwP8szWC2JHVGZDPEDge6fgn0pBj+y9rxDLwQ==",
      "cpu": [
        "x64"
      ],
      "dev": true,
      "optional": true,
      "os": [
        "openbsd"
      ],
      "engines": {
        "node": ">=12"
      }
    },
    "node_modules/@esbuild/sunos-x64": {
      "version": "0.18.2",
      "resolved": "https://registry.npmjs.org/@esbuild/sunos-x64/-/sunos-x64-0.18.2.tgz",
      "integrity": "sha512-SMZPTACsvpKYAIl9o8nhnmMn6/lp62iMeV/2EBMtj+sW6dXwW9b0cLjihkBv4PG1CCRlwWKPZo43imqZxC95ZA==",
      "cpu": [
        "x64"
      ],
      "dev": true,
      "optional": true,
      "os": [
        "sunos"
      ],
      "engines": {
        "node": ">=12"
      }
    },
    "node_modules/@esbuild/win32-arm64": {
      "version": "0.18.2",
      "resolved": "https://registry.npmjs.org/@esbuild/win32-arm64/-/win32-arm64-0.18.2.tgz",
      "integrity": "sha512-H2zzjPdzSDNwUnZdZf9/xfm0CYqHFXuenCMAx+tRzIRqWUT6MmZ9/q7722KnAZ6uPpq0RLs7EjCIIfmt6CaRGg==",
      "cpu": [
        "arm64"
      ],
      "dev": true,
      "optional": true,
      "os": [
        "win32"
      ],
      "engines": {
        "node": ">=12"
      }
    },
    "node_modules/@esbuild/win32-ia32": {
      "version": "0.18.2",
      "resolved": "https://registry.npmjs.org/@esbuild/win32-ia32/-/win32-ia32-0.18.2.tgz",
      "integrity": "sha512-lfyjTN+FrKgvNvrH7nOLtaz58J/8coZOo4LQwgBMP4D7ZOurhvluXS3GjePLzq9GbWnJDZdKCKbMKhZPPcdJJA==",
      "cpu": [
        "ia32"
      ],
      "dev": true,
      "optional": true,
      "os": [
        "win32"
      ],
      "engines": {
        "node": ">=12"
      }
    },
    "node_modules/@esbuild/win32-x64": {
      "version": "0.18.2",
      "resolved": "https://registry.npmjs.org/@esbuild/win32-x64/-/win32-x64-0.18.2.tgz",
      "integrity": "sha512-Q4nIjqWXjxkELwd7kVepsJxbQ/6ERNsHpjz1j+IKjwSYw+g06U0RQOy5xh848AHvgr9itnGLa3cT2G5t0dBFsw==",
      "cpu": [
        "x64"
      ],
      "dev": true,
      "optional": true,
      "os": [
        "win32"
      ],
      "engines": {
        "node": ">=12"
      }
    },
    "node_modules/esbuild": {
      "version": "0.18.2",
      "resolved": "https://registry.npmjs.org/esbuild/-/esbuild-0.18.2.tgz",
      "integrity": "sha512-1P4sK9gXVcjvrrUjE94Hbo9goU+T6U1sdzLf+JJ+3uI6GEb4e4n3Wrqto9hZHUWabblpT2ifmC61LhZnLyTNFw==",
      "dev": true,
      "hasInstallScript": true,
      "bin": {
        "esbuild": "bin/esbuild"
      },
      "engines": {
        "node": ">=12"
      },
      "optionalDependencies": {
        "@esbuild/android-arm": "0.18.2",
        "@esbuild/android-arm64": "0.18.2",
        "@esbuild/android-x64": "0.18.2",
        "@esbuild/darwin-arm64": "0.18.2",
        "@esbuild/darwin-x64": "0.18.2",
        "@esbuild/freebsd-arm64": "0.18.2",
        "@esbuild/freebsd-x64": "0.18.2",
        "@esbuild/linux-arm": "0.18.2",
        "@esbuild/linux-arm64": "0.18.2",
        "@esbuild/linux-ia32": "0.18.2",
        "@esbuild/linux-loong64": "0.18.2",
        "@esbuild/linux-mips64el": "0.18.2",
        "@esbuild/linux-ppc64": "0.18.2",
        "@esbuild/linux-riscv64": "0.18.2",
        "@esbuild/linux-s390x": "0.18.2",
        "@esbuild/linux-x64": "0.18.2",
        "@esbuild/netbsd-x64": "0.18.2",
        "@esbuild/openbsd-x64": "0.18.2",
        "@esbuild/sunos-x64": "0.18.2",
        "@esbuild/win32-arm64": "0.18.2",
        "@esbuild/win32-ia32": "0.18.2",
        "@esbuild/win32-x64": "0.18.2"
      }
    },
    "node_modules/typescript": {
      "version": "5.1.6",
      "resolved": "https://registry.npmjs.org/typescript/-/typescript-5.1.6.tgz",
      "integrity": "sha512-zaWCozRZ6DLEWAWFrVDz1H6FVXzUSfTy5FUMWsQlU8Ym5JP9eO4xkTIROFCQvhQf61z6O/G6ugw3SgAnvvm+HA==",
      "dev": true,
      "bin": {
        "tsc": "bin/tsc",
        "tsserver": "bin/tsserver"
      },
      "engines": {
        "node": ">=14.17"
      }
    }
  }
}
