github.com/bglw/alto-as-module v0.0.0-20230909071857-b033587cf17d h1:jwG7WYUpFLkEVw6gcT+9PZkqq6Hv4pbYDOtv/s7BNVw=
github.com/bglw/alto-as-module v0.0.0-20230909071857-b033587cf17d/go.mod h1:JkAw6OJ3FGU8uwYBkaEqUCJz4QsZgoybeeNLA4sMVXc=
github.com/bglw/alto-as-module v0.0.0-20230909074829-aaadfa22b941 h1:sBaGJr/fdgl9MQX7eVxgUF4wt/l2Tg4c44OrsF4MHSQ=
github.com/bglw/alto-as-module v0.0.0-20230909074829-aaadfa22b941/go.mod h1:JkAw6OJ3FGU8uwYBkaEqUCJz4QsZgoybeeNLA4sMVXc=
github.com/bglw/alto-as-module v0.0.0-20230909080407-5c3b468a9129 h1:i8+FteWjSUicR5HXRtt2RKFuT5QIkk8PhMhyRdRspS8=
github.com/bglw/alto-as-module v0.0.0-20230909080407-5c3b468a9129/go.mod h1:JkAw6OJ3FGU8uwYBkaEqUCJz4QsZgoybeeNLA4sMVXc=
github.com/bglw/alto-as-module v0.0.0-20230911044913-8021739d1a42 h1:JzBKWgyahWAQ7aP7CVI1jLeUNwyoQ03lnu0N5W+dlzo=
github.com/bglw/alto-as-module v0.0.0-20230911044913-8021739d1a42/go.mod h1:JkAw6OJ3FGU8uwYBkaEqUCJz4QsZgoybeeNLA4sMVXc=
github.com/bglw/alto-as-module v0.0.0-20230911045327-c33b70da33c5 h1:k+8pBW+RnzO7H4eGUzblyAC5K/V2YCwFoBgPd9CqeiY=
github.com/bglw/alto-as-module v0.0.0-20230911045327-c33b70da33c5/go.mod h1:JkAw6OJ3FGU8uwYBkaEqUCJz4QsZgoybeeNLA4sMVXc=
github.com/bglw/alto-as-module v0.0.0-20230911045401-e57dca0e88c4 h1:gIO5IrsOe+e6jlaLDZfsHaZLpIYwRcisyoEZioN4jpw=
github.com/bglw/alto-as-module v0.0.0-20230911045401-e57dca0e88c4/go.mod h1:JkAw6OJ3FGU8uwYBkaEqUCJz4QsZgoybeeNLA4sMVXc=
github.com/bglw/alto-as-module v0.0.0-20230911045419-d41cfe5c7d1a h1:2BFhLRr9J2x/4tbM5uZD518mCNSTxuE15MccT3D99i4=
github.com/bglw/alto-as-module v0.0.0-20230911045419-d41cfe5c7d1a/go.mod h1:JkAw6OJ3FGU8uwYBkaEqUCJz4QsZgoybeeNLA4sMVXc=
github.com/bglw/alto-as-module v0.0.0-20230911045523-57d0476747a6 h1:kSTzXIi495oPY/HIjTTJwLEtZGCOxVzhGtD8NkJmYmw=
github.com/bglw/alto-as-module v0.0.0-20230911045523-57d0476747a6/go.mod h1:JkAw6OJ3FGU8uwYBkaEqUCJz4QsZgoybeeNLA4sMVXc=
github.com/bglw/alto-as-module v0.0.0-20230911230728-1d8deaa3aab3 h1:AkkuxrTIgROAZovgnQzwAHPVj0StdxstBr5/net2wtY=
github.com/bglw/alto-as-module v0.0.0-20230911230728-1d8deaa3aab3/go.mod h1:JkAw6OJ3FGU8uwYBkaEqUCJz4QsZgoybeeNLA4sMVXc=
github.com/bglw/alto-as-module v0.0.0-20230911231643-9f740c12a3ed h1:5+yzxQJWJZ3FMbcol2xKWt1DKlVlChWDl09QbHF46dE=
github.com/bglw/alto-as-module v0.0.0-20230911231643-9f740c12a3ed/go.mod h1:JkAw6OJ3FGU8uwYBkaEqUCJz4QsZgoybeeNLA4sMVXc=
github.com/bglw/alto-as-module v0.0.0-20230911231837-6481f206db56 h1:ac8LTOVUNtU9gQR5fp7lx/zRMFYgz+c2CGKPlKjHQMA=
github.com/bglw/alto-as-module v0.0.0-20230911231837-6481f206db56/go.mod h1:JkAw6OJ3FGU8uwYBkaEqUCJz4QsZgoybeeNLA4sMVXc=
github.com/bglw/alto-as-module v0.0.0-20230911232430-d4b13723a50f h1:bqdcA+eRrUgCx+MBY4qTCYcy/IEkiwOzffrLN3uHNl4=
github.com/bglw/alto-as-module v0.0.0-20230911232430-d4b13723a50f/go.mod h1:JkAw6OJ3FGU8uwYBkaEqUCJz4QsZgoybeeNLA4sMVXc=
github.com/bglw/alto-as-module v0.0.0-20230911232820-3d097354836a h1:Fzrsx5gBWDZ9rVknq00FzkLcWLoNYTUmq5TfkyQLajQ=
github.com/bglw/alto-as-module v0.0.0-20230911232820-3d097354836a/go.mod h1:JkAw6OJ3FGU8uwYBkaEqUCJz4QsZgoybeeNLA4sMVXc=
